
Microsoft Visual Studio Solution File, Format Version 12.00
# Visual Studio Version 17
VisualStudioVersion = 17.4.33103.184
MinimumVisualStudioVersion = 10.0.40219.1
Project("{FAE04EC0-301F-11D3-BF4B-00C04F79EFBC}") = "ClassLibrary", "ClassLibrary.csproj", "{28DD907A-C9A0-43B7-8D7C-DDF48A118628}"
EndProject
Project("{FAE04EC0-301F-11D3-BF4B-00C04F79EFBC}") = "ConsoleApp", "..\ConsoleApp\ConsoleApp.csproj", "{A7D90DEB-13B0-4B6A-8C14-BE5F2C510A91}"
EndProject
Global
	GlobalSection(SolutionConfigurationPlatforms) = preSolution
		Debug|Any CPU = Debug|Any CPU
		Release|Any CPU = Release|Any CPU
	EndGlobalSection
	GlobalSection(ProjectConfigurationPlatforms) = postSolution
		{28DD907A-C9A0-43B7-8D7C-DDF48A118628}.Debug|Any CPU.ActiveCfg = Debug|Any CPU
		{28DD907A-C9A0-43B7-8D7C-DDF48A118628}.Debug|Any CPU.Build.0 = Debug|Any CPU
		{28DD907A-C9A0-43B7-8D7C-DDF48A118628}.Release|Any CPU.ActiveCfg = Release|Any CPU
		{28DD907A-C9A0-43B7-8D7C-DDF48A118628}.Release|Any CPU.Build.0 = Release|Any CPU
		{A7D90DEB-13B0-4B6A-8C14-BE5F2C510A91}.Debug|Any CPU.ActiveCfg = Debug|Any CPU
		{A7D90DEB-13B0-4B6A-8C14-BE5F2C510A91}.Debug|Any CPU.Build.0 = Debug|Any CPU
		{A7D90DEB-13B0-4B6A-8C14-BE5F2C510A91}.Release|Any CPU.ActiveCfg = Release|Any CPU
		{A7D90DEB-13B0-4B6A-8C14-BE5F2C510A91}.Release|Any CPU.Build.0 = Release|Any CPU
	EndGlobalSection
	GlobalSection(SolutionProperties) = preSolution
		HideSolutionNode = FALSE
	EndGlobalSection
	GlobalSection(ExtensibilityGlobals) = postSolution
		SolutionGuid = {FD2AF353-8C59-464E-85D5-C26402893469}
	EndGlobalSection
EndGlobal
